Microsoft Visual Studio Solution File, Format Version 12.00
# Visual Studio Version 17
VisualStudioVersion = 17.5.2.0
MinimumVisualStudioVersion = 10.0.40219.1
Project("{FAE04EC0-301F-11D3-BF4B-00C04F79EFBC}") = "TestProject", "TestProject\TestProject.csproj", "{C393C39E-434B-21C1-6C56-7AC4E694B8B1}"
EndProject
Project("{FAE04EC0-301F-11D3-BF4B-00C04F79EFBC}") = "BasicArray", "BasicArray\BasicArray.csproj", "{F30BDAEF-603E-E8F6-D59D-6F3201DEC016}"
EndProject
Project("{FAE04EC0-301F-11D3-BF4B-00C04F79EFBC}") = "StudentGradesProject", "StudentGradesProject\StudentGradesProject.csproj", "{1380C349-11B4-5DBF-F65D-3E0A90C27CB1}"
EndProject
Project("{FAE04EC0-301F-11D3-BF4B-00C04F79EFBC}") = "TestDecisionLogic", "TestDecisionLogic\TestDecisionLogic.csproj", "{C9B7CE3F-E78D-D2A1-F3E0-869A781CBA44}"
EndProject
Project("{FAE04EC0-301F-11D3-BF4B-00C04F79EFBC}") = "TestImproveRenewalRate", "TestImproveRenewalRate\TestImproveRenewalRate.csproj", "{1A906853-60BA-F148-B9CD-A71615DB32EC}"
EndProject
Project("{FAE04EC0-301F-11D3-BF4B-00C04F79EFBC}") = "ReadableCodeConventions", "ReadableCodeConventions\ReadableCodeConventions.csproj", "{7772CCE0-F091-3156-C95C-E3451C336379}"
EndProject
Global
	GlobalSection(SolutionConfigurationPlatforms) = preSolution
		Debug|Any CPU = Debug|Any CPU
		Release|Any CPU = Release|Any CPU
	EndGlobalSection
	GlobalSection(ProjectConfigurationPlatforms) = postSolution
		{C393C39E-434B-21C1-6C56-7AC4E694B8B1}.Debug|Any CPU.ActiveCfg = Debug|Any CPU
		{C393C39E-434B-21C1-6C56-7AC4E694B8B1}.Debug|Any CPU.Build.0 = Debug|Any CPU
		{C393C39E-434B-21C1-6C56-7AC4E694B8B1}.Release|Any CPU.ActiveCfg = Release|Any CPU
		{C393C39E-434B-21C1-6C56-7AC4E694B8B1}.Release|Any CPU.Build.0 = Release|Any CPU
		{F30BDAEF-603E-E8F6-D59D-6F3201DEC016}.Debug|Any CPU.ActiveCfg = Debug|Any CPU
		{F30BDAEF-603E-E8F6-D59D-6F3201DEC016}.Debug|Any CPU.Build.0 = Debug|Any CPU
		{F30BDAEF-603E-E8F6-D59D-6F3201DEC016}.Release|Any CPU.ActiveCfg = Release|Any CPU
		{F30BDAEF-603E-E8F6-D59D-6F3201DEC016}.Release|Any CPU.Build.0 = Release|Any CPU
		{1380C349-11B4-5DBF-F65D-3E0A90C27CB1}.Debug|Any CPU.ActiveCfg = Debug|Any CPU
		{1380C349-11B4-5DBF-F65D-3E0A90C27CB1}.Debug|Any CPU.Build.0 = Debug|Any CPU
		{1380C349-11B4-5DBF-F65D-3E0A90C27CB1}.Release|Any CPU.ActiveCfg = Release|Any CPU
		{1380C349-11B4-5DBF-F65D-3E0A90C27CB1}.Release|Any CPU.Build.0 = Release|Any CPU
		{C9B7CE3F-E78D-D2A1-F3E0-869A781CBA44}.Debug|Any CPU.ActiveCfg = Debug|Any CPU
		{C9B7CE3F-E78D-D2A1-F3E0-869A781CBA44}.Debug|Any CPU.Build.0 = Debug|Any CPU
		{C9B7CE3F-E78D-D2A1-F3E0-869A781CBA44}.Release|Any CPU.ActiveCfg = Release|Any CPU
		{C9B7CE3F-E78D-D2A1-F3E0-869A781CBA44}.Release|Any CPU.Build.0 = Release|Any CPU
		{1A906853-60BA-F148-B9CD-A71615DB32EC}.Debug|Any CPU.ActiveCfg = Debug|Any CPU
		{1A906853-60BA-F148-B9CD-A71615DB32EC}.Debug|Any CPU.Build.0 = Debug|Any CPU
		{1A906853-60BA-F148-B9CD-A71615DB32EC}.Release|Any CPU.ActiveCfg = Release|Any CPU
		{1A906853-60BA-F148-B9CD-A71615DB32EC}.Release|Any CPU.Build.0 = Release|Any CPU
		{7772CCE0-F091-3156-C95C-E3451C336379}.Debug|Any CPU.ActiveCfg = Debug|Any CPU
		{7772CCE0-F091-3156-C95C-E3451C336379}.Debug|Any CPU.Build.0 = Debug|Any CPU
		{7772CCE0-F091-3156-C95C-E3451C336379}.Release|Any CPU.ActiveCfg = Release|Any CPU
		{7772CCE0-F091-3156-C95C-E3451C336379}.Release|Any CPU.Build.0 = Release|Any CPU
	EndGlobalSection
	GlobalSection(SolutionProperties) = preSolution
		HideSolutionNode = FALSE
	EndGlobalSection
	GlobalSection(ExtensibilityGlobals) = postSolution
		SolutionGuid = {A27C407E-785F-4C92-8966-E4BF54EDFED7}
	EndGlobalSection
EndGlobal
