Microsoft Visual Studio Solution File, Format Version 12.00
# Visual Studio Version 17
VisualStudioVersion = 17.5.2.0
MinimumVisualStudioVersion = 10.0.40219.1
Project("{FAE04EC0-301F-11D3-BF4B-00C04F79EFBC}") = "ThrowExceptions102", "ThrowExceptions102.csproj", "{2586BEA9-ED87-4B06-066D-496DB5B3F70D}"
EndProject
Global
	GlobalSection(SolutionConfigurationPlatforms) = preSolution
		Debug|Any CPU = Debug|Any CPU
		Release|Any CPU = Release|Any CPU
	EndGlobalSection
	GlobalSection(ProjectConfigurationPlatforms) = postSolution
		{2586BEA9-ED87-4B06-066D-496DB5B3F70D}.Debug|Any CPU.ActiveCfg = Debug|Any CPU
		{2586BEA9-ED87-4B06-066D-496DB5B3F70D}.Debug|Any CPU.Build.0 = Debug|Any CPU
		{2586BEA9-ED87-4B06-066D-496DB5B3F70D}.Release|Any CPU.ActiveCfg = Release|Any CPU
		{2586BEA9-ED87-4B06-066D-496DB5B3F70D}.Release|Any CPU.Build.0 = Release|Any CPU
	EndGlobalSection
	GlobalSection(SolutionProperties) = preSolution
		HideSolutionNode = FALSE
	EndGlobalSection
	GlobalSection(ExtensibilityGlobals) = postSolution
		SolutionGuid = {F0428E7E-EC89-46CB-9D5C-08110C7D91A7}
	EndGlobalSection
EndGlobal
